
Microsoft Visual Studio Solution File, Format Version 12.00
# Visual Studio 14
VisualStudioVersion = 14.0.25420.1
MinimumVisualStudioVersion = 10.0.40219.1
Project("{8BC9CEB8-8B4A-11D0-8D11-00A0C91BC942}") = "SDL_test", "SDL_test\sdl_test.vcxproj", "{4FAF1ED0-84A7-420D-8472-30C7758013BD}"
EndProject
Project("{8BC9CEB8-8B4A-11D0-8D11-00A0C91BC942}") = "CPP_Test", "CPP_Test\CPP_Test.vcxproj", "{3E380AB4-CE92-4C5E-BCC2-B87D9A9CC631}"
EndProject
Project("{8BC9CEB8-8B4A-11D0-8D11-00A0C91BC942}") = "RapidJSON_simple", "RapidJSON_simple\RapidJSON_simple.vcxproj", "{663D874E-7FD6-42A5-B79B-D4764B455201}"
EndProject
Project("{2150E333-8FDC-42A3-9474-1A3956D46DE8}") = "OpenCV", "OpenCV", "{4061C64C-C175-4F26-81B7-99420C0BB993}"
EndProject
Project("{8BC9CEB8-8B4A-11D0-8D11-00A0C91BC942}") = "OpenCV_test", "OpenCV\OpenCV_test\OpenCV_test.vcxproj", "{599ED640-2EF7-4924-8241-F822632FBF02}"
EndProject
Project("{2150E333-8FDC-42A3-9474-1A3956D46DE8}") = "FFmpeg", "FFmpeg", "{AB437BFE-9ABC-4732-A4BC-B9E172EDE4AF}"
EndProject
Project("{8BC9CEB8-8B4A-11D0-8D11-00A0C91BC942}") = "video_filter", "FFmpeg\video_filter\video_filter.vcxproj", "{D921D9ED-857B-4ED0-A1CA-9664489558DF}"
EndProject
Project("{8BC9CEB8-8B4A-11D0-8D11-00A0C91BC942}") = "audio_filter", "FFmpeg\audio_filter\audio_filter.vcxproj", "{C62A7DB1-4DB0-48D3-93C9-A683667764D8}"
EndProject
Project("{8BC9CEB8-8B4A-11D0-8D11-00A0C91BC942}") = "muxer", "FFmpeg\muxer\muxer.vcxproj", "{FBF3972C-0851-4D1E-9007-474FDB75C231}"
EndProject
Global
	GlobalSection(SolutionConfigurationPlatforms) = preSolution
		Debug|x64 = Debug|x64
		Debug|x86 = Debug|x86
		Release|x64 = Release|x64
		Release|x86 = Release|x86
	EndGlobalSection
	GlobalSection(ProjectConfigurationPlatforms) = postSolution
		{4FAF1ED0-84A7-420D-8472-30C7758013BD}.Debug|x64.ActiveCfg = Debug|x64
		{4FAF1ED0-84A7-420D-8472-30C7758013BD}.Debug|x64.Build.0 = Debug|x64
		{4FAF1ED0-84A7-420D-8472-30C7758013BD}.Debug|x86.ActiveCfg = Debug|Win32
		{4FAF1ED0-84A7-420D-8472-30C7758013BD}.Debug|x86.Build.0 = Debug|Win32
		{4FAF1ED0-84A7-420D-8472-30C7758013BD}.Release|x64.ActiveCfg = Release|x64
		{4FAF1ED0-84A7-420D-8472-30C7758013BD}.Release|x64.Build.0 = Release|x64
		{4FAF1ED0-84A7-420D-8472-30C7758013BD}.Release|x86.ActiveCfg = Release|Win32
		{4FAF1ED0-84A7-420D-8472-30C7758013BD}.Release|x86.Build.0 = Release|Win32
		{3E380AB4-CE92-4C5E-BCC2-B87D9A9CC631}.Debug|x64.ActiveCfg = Debug|x64
		{3E380AB4-CE92-4C5E-BCC2-B87D9A9CC631}.Debug|x64.Build.0 = Debug|x64
		{3E380AB4-CE92-4C5E-BCC2-B87D9A9CC631}.Debug|x86.ActiveCfg = Debug|Win32
		{3E380AB4-CE92-4C5E-BCC2-B87D9A9CC631}.Debug|x86.Build.0 = Debug|Win32
		{3E380AB4-CE92-4C5E-BCC2-B87D9A9CC631}.Release|x64.ActiveCfg = Release|x64
		{3E380AB4-CE92-4C5E-BCC2-B87D9A9CC631}.Release|x64.Build.0 = Release|x64
		{3E380AB4-CE92-4C5E-BCC2-B87D9A9CC631}.Release|x86.ActiveCfg = Release|Win32
		{3E380AB4-CE92-4C5E-BCC2-B87D9A9CC631}.Release|x86.Build.0 = Release|Win32
		{663D874E-7FD6-42A5-B79B-D4764B455201}.Debug|x64.ActiveCfg = Debug|x64
		{663D874E-7FD6-42A5-B79B-D4764B455201}.Debug|x64.Build.0 = Debug|x64
		{663D874E-7FD6-42A5-B79B-D4764B455201}.Debug|x86.ActiveCfg = Debug|Win32
		{663D874E-7FD6-42A5-B79B-D4764B455201}.Debug|x86.Build.0 = Debug|Win32
		{663D874E-7FD6-42A5-B79B-D4764B455201}.Release|x64.ActiveCfg = Release|x64
		{663D874E-7FD6-42A5-B79B-D4764B455201}.Release|x64.Build.0 = Release|x64
		{663D874E-7FD6-42A5-B79B-D4764B455201}.Release|x86.ActiveCfg = Release|Win32
		{663D874E-7FD6-42A5-B79B-D4764B455201}.Release|x86.Build.0 = Release|Win32
		{599ED640-2EF7-4924-8241-F822632FBF02}.Debug|x64.ActiveCfg = Debug|x64
		{599ED640-2EF7-4924-8241-F822632FBF02}.Debug|x64.Build.0 = Debug|x64
		{599ED640-2EF7-4924-8241-F822632FBF02}.Debug|x86.ActiveCfg = Debug|Win32
		{599ED640-2EF7-4924-8241-F822632FBF02}.Debug|x86.Build.0 = Debug|Win32
		{599ED640-2EF7-4924-8241-F822632FBF02}.Release|x64.ActiveCfg = Release|x64
		{599ED640-2EF7-4924-8241-F822632FBF02}.Release|x64.Build.0 = Release|x64
		{599ED640-2EF7-4924-8241-F822632FBF02}.Release|x86.ActiveCfg = Release|Win32
		{599ED640-2EF7-4924-8241-F822632FBF02}.Release|x86.Build.0 = Release|Win32
		{D921D9ED-857B-4ED0-A1CA-9664489558DF}.Debug|x64.ActiveCfg = Debug|x64
		{D921D9ED-857B-4ED0-A1CA-9664489558DF}.Debug|x64.Build.0 = Debug|x64
		{D921D9ED-857B-4ED0-A1CA-9664489558DF}.Debug|x86.ActiveCfg = Debug|Win32
		{D921D9ED-857B-4ED0-A1CA-9664489558DF}.Debug|x86.Build.0 = Debug|Win32
		{D921D9ED-857B-4ED0-A1CA-9664489558DF}.Release|x64.ActiveCfg = Release|x64
		{D921D9ED-857B-4ED0-A1CA-9664489558DF}.Release|x64.Build.0 = Release|x64
		{D921D9ED-857B-4ED0-A1CA-9664489558DF}.Release|x86.ActiveCfg = Release|Win32
		{D921D9ED-857B-4ED0-A1CA-9664489558DF}.Release|x86.Build.0 = Release|Win32
		{C62A7DB1-4DB0-48D3-93C9-A683667764D8}.Debug|x64.ActiveCfg = Debug|x64
		{C62A7DB1-4DB0-48D3-93C9-A683667764D8}.Debug|x64.Build.0 = Debug|x64
		{C62A7DB1-4DB0-48D3-93C9-A683667764D8}.Debug|x86.ActiveCfg = Debug|Win32
		{C62A7DB1-4DB0-48D3-93C9-A683667764D8}.Debug|x86.Build.0 = Debug|Win32
		{C62A7DB1-4DB0-48D3-93C9-A683667764D8}.Release|x64.ActiveCfg = Release|x64
		{C62A7DB1-4DB0-48D3-93C9-A683667764D8}.Release|x64.Build.0 = Release|x64
		{C62A7DB1-4DB0-48D3-93C9-A683667764D8}.Release|x86.ActiveCfg = Release|Win32
		{C62A7DB1-4DB0-48D3-93C9-A683667764D8}.Release|x86.Build.0 = Release|Win32
		{FBF3972C-0851-4D1E-9007-474FDB75C231}.Debug|x64.ActiveCfg = Debug|x64
		{FBF3972C-0851-4D1E-9007-474FDB75C231}.Debug|x64.Build.0 = Debug|x64
		{FBF3972C-0851-4D1E-9007-474FDB75C231}.Debug|x86.ActiveCfg = Debug|Win32
		{FBF3972C-0851-4D1E-9007-474FDB75C231}.Debug|x86.Build.0 = Debug|Win32
		{FBF3972C-0851-4D1E-9007-474FDB75C231}.Release|x64.ActiveCfg = Release|x64
		{FBF3972C-0851-4D1E-9007-474FDB75C231}.Release|x64.Build.0 = Release|x64
		{FBF3972C-0851-4D1E-9007-474FDB75C231}.Release|x86.ActiveCfg = Release|Win32
		{FBF3972C-0851-4D1E-9007-474FDB75C231}.Release|x86.Build.0 = Release|Win32
	EndGlobalSection
	GlobalSection(SolutionProperties) = preSolution
		HideSolutionNode = FALSE
	EndGlobalSection
	GlobalSection(NestedProjects) = preSolution
		{599ED640-2EF7-4924-8241-F822632FBF02} = {4061C64C-C175-4F26-81B7-99420C0BB993}
		{D921D9ED-857B-4ED0-A1CA-9664489558DF} = {AB437BFE-9ABC-4732-A4BC-B9E172EDE4AF}
		{C62A7DB1-4DB0-48D3-93C9-A683667764D8} = {AB437BFE-9ABC-4732-A4BC-B9E172EDE4AF}
		{FBF3972C-0851-4D1E-9007-474FDB75C231} = {AB437BFE-9ABC-4732-A4BC-B9E172EDE4AF}
	EndGlobalSection
EndGlobal
